
Microsoft Visual Studio Solution File, Format Version 12.00
# Visual Studio Version 17
VisualStudioVersion = 17.5.002.0
MinimumVisualStudioVersion = 10.0.40219.1
Project("{9A19103F-16F7-4668-BE54-9A1E7A4F7556}") = "mathGame", "mathGame.csproj", "{CDD65A0E-AF64-4592-8CE0-5899D4FB9B93}"
EndProject
Global
	GlobalSection(SolutionConfigurationPlatforms) = preSolution
		Debug|Any CPU = Debug|Any CPU
		Release|Any CPU = Release|Any CPU
	EndGlobalSection
	GlobalSection(ProjectConfigurationPlatforms) = postSolution
		{CDD65A0E-AF64-4592-8CE0-5899D4FB9B93}.Debug|Any CPU.ActiveCfg = Debug|Any CPU
		{CDD65A0E-AF64-4592-8CE0-5899D4FB9B93}.Debug|Any CPU.Build.0 = Debug|Any CPU
		{CDD65A0E-AF64-4592-8CE0-5899D4FB9B93}.Release|Any CPU.ActiveCfg = Release|Any CPU
		{CDD65A0E-AF64-4592-8CE0-5899D4FB9B93}.Release|Any CPU.Build.0 = Release|Any CPU
	EndGlobalSection
	GlobalSection(SolutionProperties) = preSolution
		HideSolutionNode = FALSE
	EndGlobalSection
	GlobalSection(ExtensibilityGlobals) = postSolution
		SolutionGuid = {E35299B3-3EA7-440D-86E4-3A92E176E908}
	EndGlobalSection
EndGlobal
